
Microsoft Visual Studio Solution File, Format Version 11.00
# Visual Studio 2010
Project("{8BC9CEB8-8B4A-11D0-8D11-00A0C91BC942}") = "leaptest", "leaptest\leaptest.vcxproj", "{CA7A7BF0-D296-42DD-9303-F42492B8D619}"
EndProject
Global
	GlobalSection(SolutionConfigurationPlatforms) = preSolution
		Debug|Win32 = Debug|Win32
		Release|Win32 = Release|Win32
	EndGlobalSection
	GlobalSection(ProjectConfigurationPlatforms) = postSolution
		{CA7A7BF0-D296-42DD-9303-F42492B8D619}.Debug|Win32.ActiveCfg = Debug|Win32
		{CA7A7BF0-D296-42DD-9303-F42492B8D619}.Debug|Win32.Build.0 = Debug|Win32
		{CA7A7BF0-D296-42DD-9303-F42492B8D619}.Release|Win32.ActiveCfg = Release|Win32
		{CA7A7BF0-D296-42DD-9303-F42492B8D619}.Release|Win32.Build.0 = Release|Win32
	EndGlobalSection
	GlobalSection(SolutionProperties) = preSolution
		HideSolutionNode = FALSE
	EndGlobalSection
EndGlobal
